
Microsoft Visual Studio Solution File, Format Version 12.00
# Visual Studio 15
VisualStudioVersion = 15.0.28307.329
MinimumVisualStudioVersion = 10.0.40219.1
Project("{9A19103F-16F7-4668-BE54-9A1E7A4F7556}") = "reactlounge", "reactlounge\reactlounge.csproj", "{F7F400E8-39CF-43EF-8693-B00F0F24B94B}"
EndProject
Project("{9A19103F-16F7-4668-BE54-9A1E7A4F7556}") = "Autino.Lounge.Services", "Autino.Lounge.Services\Autino.Lounge.Services.csproj", "{D15B3FCA-190C-44C0-910F-F5C47EA34CED}"
EndProject
Project("{9092AA53-FB77-4645-B42D-1CCCA6BD08BD}") = "LoungePresentation", "LoungePresentation\LoungePresentation.njsproj", "{976CD40F-A6B3-45BE-9A9C-76364D0E079C}"
EndProject
Global
	GlobalSection(SolutionConfigurationPlatforms) = preSolution
		Debug|Any CPU = Debug|Any CPU
		Release|Any CPU = Release|Any CPU
	EndGlobalSection
	GlobalSection(ProjectConfigurationPlatforms) = postSolution
		{F7F400E8-39CF-43EF-8693-B00F0F24B94B}.Debug|Any CPU.ActiveCfg = Debug|Any CPU
		{F7F400E8-39CF-43EF-8693-B00F0F24B94B}.Debug|Any CPU.Build.0 = Debug|Any CPU
		{F7F400E8-39CF-43EF-8693-B00F0F24B94B}.Release|Any CPU.ActiveCfg = Release|Any CPU
		{F7F400E8-39CF-43EF-8693-B00F0F24B94B}.Release|Any CPU.Build.0 = Release|Any CPU
		{D15B3FCA-190C-44C0-910F-F5C47EA34CED}.Debug|Any CPU.ActiveCfg = Debug|Any CPU
		{D15B3FCA-190C-44C0-910F-F5C47EA34CED}.Debug|Any CPU.Build.0 = Debug|Any CPU
		{D15B3FCA-190C-44C0-910F-F5C47EA34CED}.Release|Any CPU.ActiveCfg = Release|Any CPU
		{D15B3FCA-190C-44C0-910F-F5C47EA34CED}.Release|Any CPU.Build.0 = Release|Any CPU
		{976CD40F-A6B3-45BE-9A9C-76364D0E079C}.Debug|Any CPU.ActiveCfg = Debug|Any CPU
		{976CD40F-A6B3-45BE-9A9C-76364D0E079C}.Debug|Any CPU.Build.0 = Debug|Any CPU
		{976CD40F-A6B3-45BE-9A9C-76364D0E079C}.Release|Any CPU.ActiveCfg = Release|Any CPU
		{976CD40F-A6B3-45BE-9A9C-76364D0E079C}.Release|Any CPU.Build.0 = Release|Any CPU
	EndGlobalSection
	GlobalSection(SolutionProperties) = preSolution
		HideSolutionNode = FALSE
	EndGlobalSection
	GlobalSection(ExtensibilityGlobals) = postSolution
		SolutionGuid = {A406EA1B-21ED-4496-AC71-BC02DA08BC33}
	EndGlobalSection
EndGlobal
